// !$*UTF8*$!
{
	archiveVersion = 1;
	classes = {
	};
	objectVersion = 55;
	objects = {

/* Begin PBXBuildFile section */
		4B077C35289547FE0071C4F2 /* main.swift in Sources */ = {isa = PBXBuildFile; fileRef = 4B077C34289547FE0071C4F2 /* main.swift */; };
		4B077C3C289548660071C4F2 /* avpl.y in Sources */ = {isa = PBXBuildFile; fileRef = 4B077C3B289548660071C4F2 /* avpl.y */; };
		4B077C40289556070071C4F2 /* Expression.swift in Sources */ = {isa = PBXBuildFile; fileRef = 4B077C3F289556070071C4F2 /* Expression.swift */; };
		4B077C43289556E50071C4F2 /* CitronLexer.swift in Sources */ = {isa = PBXBuildFile; fileRef = 4B077C41289556E50071C4F2 /* CitronLexer.swift */; };
		4B077C44289556E50071C4F2 /* CitronParser.swift in Sources */ = {isa = PBXBuildFile; fileRef = 4B077C42289556E50071C4F2 /* CitronParser.swift */; };
		4B077C46289558140071C4F2 /* Condition.swift in Sources */ = {isa = PBXBuildFile; fileRef = 4B077C45289558140071C4F2 /* Condition.swift */; };
		4B077C48289559C80071C4F2 /* Statement.swift in Sources */ = {isa = PBXBuildFile; fileRef = 4B077C47289559C80071C4F2 /* Statement.swift */; };
		4B077C4C289561120071C4F2 /* TokenData.swift in Sources */ = {isa = PBXBuildFile; fileRef = 4B077C4B289561120071C4F2 /* TokenData.swift */; };
		4B077C4E289569400071C4F2 /* parse.swift in Sources */ = {isa = PBXBuildFile; fileRef = 4B077C4D289569400071C4F2 /* parse.swift */; };
		4B077C5028956ACF0071C4F2 /* ErrorReporter.swift in Sources */ = {isa = PBXBuildFile; fileRef = 4B077C4F28956ACF0071C4F2 /* ErrorReporter.swift */; };
		4B077C5228956D3E0071C4F2 /* HalfComparison.swift in Sources */ = {isa = PBXBuildFile; fileRef = 4B077C5128956D3E0071C4F2 /* HalfComparison.swift */; };
		4B077C5428956F620071C4F2 /* RealAssembler.swift in Sources */ = {isa = PBXBuildFile; fileRef = 4B077C5328956F620071C4F2 /* RealAssembler.swift */; };
		4B077C5C2895B03D0071C4F2 /* Environment.swift in Sources */ = {isa = PBXBuildFile; fileRef = 4B077C5B2895B03D0071C4F2 /* Environment.swift */; };
		4B077C5E2895B04F0071C4F2 /* Value.swift in Sources */ = {isa = PBXBuildFile; fileRef = 4B077C5D2895B04F0071C4F2 /* Value.swift */; };
		4B077C60289676F60071C4F2 /* Function.swift in Sources */ = {isa = PBXBuildFile; fileRef = 4B077C5F289676F60071C4F2 /* Function.swift */; };
		4B077C62289679270071C4F2 /* RuntimeError.swift in Sources */ = {isa = PBXBuildFile; fileRef = 4B077C61289679270071C4F2 /* RuntimeError.swift */; };
		4B077C6428967DDE0071C4F2 /* Block.swift in Sources */ = {isa = PBXBuildFile; fileRef = 4B077C6328967DDE0071C4F2 /* Block.swift */; };
/* End PBXBuildFile section */

/* Begin PBXBuildRule section */
		4B077C3D289551A50071C4F2 /* PBXBuildRule */ = {
			isa = PBXBuildRule;
			compilerSpec = com.apple.compilers.proxy.script;
			filePatterns = "*.y";
			fileType = pattern.proxy;
			inputFiles = (
			);
			isEditable = 1;
			outputFiles = (
			);
			script = "# Type a script or drag a script file from your workspace to insert its path.\n";
		};
		4B077C3E289551D00071C4F2 /* PBXBuildRule */ = {
			isa = PBXBuildRule;
			compilerSpec = com.apple.compilers.proxy.script;
			fileType = sourcecode.yacc;
			inputFiles = (
			);
			isEditable = 1;
			outputFiles = (
				"$(DERIVED_FILE_DIR)/$(INPUT_FILE_BASE).swift",
			);
			runOncePerArchitecture = 0;
			script = "citron -o ${DERIVED_FILE_DIR}/${INPUT_FILE_BASE}.swift ${SCRIPT_INPUT_FILE}\n";
		};
/* End PBXBuildRule section */

/* Begin PBXCopyFilesBuildPhase section */
		4B077C2F289547FE0071C4F2 /* CopyFiles */ = {
			isa = PBXCopyFilesBuildPhase;
			buildActionMask = 2147483647;
			dstPath = /usr/share/man/man1/;
			dstSubfolderSpec = 0;
			files = (
			);
			runOnlyForDeploymentPostprocessing = 1;
		};
/* End PBXCopyFilesBuildPhase section */

/* Begin PBXFileReference section */
		4B077C31289547FE0071C4F2 /* interpreter */ = {isa = PBXFileReference; explicitFileType = "compiled.mach-o.executable"; includeInIndex = 0; path = interpreter; sourceTree = BUILT_PRODUCTS_DIR; };
		4B077C34289547FE0071C4F2 /* main.swift */ = {isa = PBXFileReference; lastKnownFileType = sourcecode.swift; path = main.swift; sourceTree = "<group>"; };
		4B077C3B289548660071C4F2 /* avpl.y */ = {isa = PBXFileReference; fileEncoding = 4; lastKnownFileType = sourcecode.yacc; path = avpl.y; sourceTree = "<group>"; };
		4B077C3F289556070071C4F2 /* Expression.swift */ = {isa = PBXFileReference; lastKnownFileType = sourcecode.swift; path = Expression.swift; sourceTree = "<group>"; };
		4B077C41289556E50071C4F2 /* CitronLexer.swift */ = {isa = PBXFileReference; fileEncoding = 4; lastKnownFileType = sourcecode.swift; path = CitronLexer.swift; sourceTree = "<group>"; };
		4B077C42289556E50071C4F2 /* CitronParser.swift */ = {isa = PBXFileReference; fileEncoding = 4; lastKnownFileType = sourcecode.swift; path = CitronParser.swift; sourceTree = "<group>"; };
		4B077C45289558140071C4F2 /* Condition.swift */ = {isa = PBXFileReference; lastKnownFileType = sourcecode.swift; path = Condition.swift; sourceTree = "<group>"; };
		4B077C47289559C80071C4F2 /* Statement.swift */ = {isa = PBXFileReference; lastKnownFileType = sourcecode.swift; path = Statement.swift; sourceTree = "<group>"; };
		4B077C4B289561120071C4F2 /* TokenData.swift */ = {isa = PBXFileReference; lastKnownFileType = sourcecode.swift; path = TokenData.swift; sourceTree = "<group>"; };
		4B077C4D289569400071C4F2 /* parse.swift */ = {isa = PBXFileReference; lastKnownFileType = sourcecode.swift; path = parse.swift; sourceTree = "<group>"; };
		4B077C4F28956ACF0071C4F2 /* ErrorReporter.swift */ = {isa = PBXFileReference; lastKnownFileType = sourcecode.swift; path = ErrorReporter.swift; sourceTree = "<group>"; };
		4B077C5128956D3E0071C4F2 /* HalfComparison.swift */ = {isa = PBXFileReference; lastKnownFileType = sourcecode.swift; path = HalfComparison.swift; sourceTree = "<group>"; };
		4B077C5328956F620071C4F2 /* RealAssembler.swift */ = {isa = PBXFileReference; lastKnownFileType = sourcecode.swift; path = RealAssembler.swift; sourceTree = "<group>"; };
		4B077C58289588620071C4F2 /* factorial.words */ = {isa = PBXFileReference; lastKnownFileType = text; path = factorial.words; sourceTree = "<group>"; };
		4B077C59289588E80071C4F2 /* simple.words */ = {isa = PBXFileReference; lastKnownFileType = text; path = simple.words; sourceTree = "<group>"; };
		4B077C5A2895AC900071C4F2 /* test.words */ = {isa = PBXFileReference; lastKnownFileType = text; path = test.words; sourceTree = "<group>"; };
		4B077C5B2895B03D0071C4F2 /* Environment.swift */ = {isa = PBXFileReference; lastKnownFileType = sourcecode.swift; path = Environment.swift; sourceTree = "<group>"; };
		4B077C5D2895B04F0071C4F2 /* Value.swift */ = {isa = PBXFileReference; lastKnownFileType = sourcecode.swift; path = Value.swift; sourceTree = "<group>"; };
		4B077C5F289676F60071C4F2 /* Function.swift */ = {isa = PBXFileReference; lastKnownFileType = sourcecode.swift; path = Function.swift; sourceTree = "<group>"; };
		4B077C61289679270071C4F2 /* RuntimeError.swift */ = {isa = PBXFileReference; lastKnownFileType = sourcecode.swift; path = RuntimeError.swift; sourceTree = "<group>"; };
		4B077C6328967DDE0071C4F2 /* Block.swift */ = {isa = PBXFileReference; lastKnownFileType = sourcecode.swift; path = Block.swift; sourceTree = "<group>"; };
		4B077C652896E3040071C4F2 /* Lexer.swift */ = {isa = PBXFileReference; lastKnownFileType = sourcecode.swift; path = Lexer.swift; sourceTree = "<group>"; };
		4B077C672896F3BC0071C4F2 /* README.md */ = {isa = PBXFileReference; lastKnownFileType = net.daringfireball.markdown; path = README.md; sourceTree = "<group>"; };
/* End PBXFileReference section */

/* Begin PBXFrameworksBuildPhase section */
		4B077C2E289547FE0071C4F2 /* Frameworks */ = {
			isa = PBXFrameworksBuildPhase;
			buildActionMask = 2147483647;
			files = (
			);
			runOnlyForDeploymentPostprocessing = 0;
		};
/* End PBXFrameworksBuildPhase section */

/* Begin PBXGroup section */
		4B077C28289547FE0071C4F2 = {
			isa = PBXGroup;
			children = (
				4B077C672896F3BC0071C4F2 /* README.md */,
				4B077C57289588410071C4F2 /* examples */,
				4B077C33289547FE0071C4F2 /* interpreter */,
				4B077C32289547FE0071C4F2 /* Products */,
			);
			sourceTree = "<group>";
		};
		4B077C32289547FE0071C4F2 /* Products */ = {
			isa = PBXGroup;
			children = (
				4B077C31289547FE0071C4F2 /* interpreter */,
			);
			name = Products;
			sourceTree = "<group>";
		};
		4B077C33289547FE0071C4F2 /* interpreter */ = {
			isa = PBXGroup;
			children = (
				4B077C3B289548660071C4F2 /* avpl.y */,
				4B077C6328967DDE0071C4F2 /* Block.swift */,
				4B077C41289556E50071C4F2 /* CitronLexer.swift */,
				4B077C42289556E50071C4F2 /* CitronParser.swift */,
				4B077C45289558140071C4F2 /* Condition.swift */,
				4B077C5B2895B03D0071C4F2 /* Environment.swift */,
				4B077C4F28956ACF0071C4F2 /* ErrorReporter.swift */,
				4B077C3F289556070071C4F2 /* Expression.swift */,
				4B077C5F289676F60071C4F2 /* Function.swift */,
				4B077C5128956D3E0071C4F2 /* HalfComparison.swift */,
				4B077C34289547FE0071C4F2 /* main.swift */,
				4B077C4D289569400071C4F2 /* parse.swift */,
				4B077C5328956F620071C4F2 /* RealAssembler.swift */,
				4B077C61289679270071C4F2 /* RuntimeError.swift */,
				4B077C47289559C80071C4F2 /* Statement.swift */,
				4B077C4B289561120071C4F2 /* TokenData.swift */,
				4B077C5D2895B04F0071C4F2 /* Value.swift */,
				4B077C652896E3040071C4F2 /* Lexer.swift */,
			);
			path = interpreter;
			sourceTree = "<group>";
		};
		4B077C57289588410071C4F2 /* examples */ = {
			isa = PBXGroup;
			children = (
				4B077C58289588620071C4F2 /* factorial.words */,
				4B077C59289588E80071C4F2 /* simple.words */,
				4B077C5A2895AC900071C4F2 /* test.words */,
			);
			path = examples;
			sourceTree = "<group>";
		};
/* End PBXGroup section */

/* Begin PBXNativeTarget section */
		4B077C30289547FE0071C4F2 /* interpreter */ = {
			isa = PBXNativeTarget;
			buildConfigurationList = 4B077C38289547FE0071C4F2 /* Build configuration list for PBXNativeTarget "interpreter" */;
			buildPhases = (
				4B077C2D289547FE0071C4F2 /* Sources */,
				4B077C2E289547FE0071C4F2 /* Frameworks */,
				4B077C2F289547FE0071C4F2 /* CopyFiles */,
			);
			buildRules = (
				4B077C3E289551D00071C4F2 /* PBXBuildRule */,
				4B077C3D289551A50071C4F2 /* PBXBuildRule */,
			);
			dependencies = (
			);
			name = interpreter;
			productName = interpreter;
			productReference = 4B077C31289547FE0071C4F2 /* interpreter */;
			productType = "com.apple.product-type.tool";
		};
/* End PBXNativeTarget section */

/* Begin PBXProject section */
		4B077C29289547FE0071C4F2 /* Project object */ = {
			isa = PBXProject;
			attributes = {
				BuildIndependentTargetsInParallel = 1;
				LastSwiftUpdateCheck = 1340;
				LastUpgradeCheck = 1340;
				TargetAttributes = {
					4B077C30289547FE0071C4F2 = {
						CreatedOnToolsVersion = 13.4.1;
					};
				};
			};
			buildConfigurationList = 4B077C2C289547FE0071C4F2 /* Build configuration list for PBXProject "interpreter" */;
			compatibilityVersion = "Xcode 13.0";
			developmentRegion = en;
			hasScannedForEncodings = 0;
			knownRegions = (
				en,
				Base,
			);
			mainGroup = 4B077C28289547FE0071C4F2;
			productRefGroup = 4B077C32289547FE0071C4F2 /* Products */;
			projectDirPath = "";
			projectRoot = "";
			targets = (
				4B077C30289547FE0071C4F2 /* interpreter */,
			);
		};
/* End PBXProject section */

/* Begin PBXSourcesBuildPhase section */
		4B077C2D289547FE0071C4F2 /* Sources */ = {
			isa = PBXSourcesBuildPhase;
			buildActionMask = 2147483647;
			files = (
				4B077C4C289561120071C4F2 /* TokenData.swift in Sources */,
				4B077C5028956ACF0071C4F2 /* ErrorReporter.swift in Sources */,
				4B077C5E2895B04F0071C4F2 /* Value.swift in Sources */,
				4B077C5428956F620071C4F2 /* RealAssembler.swift in Sources */,
				4B077C5C2895B03D0071C4F2 /* Environment.swift in Sources */,
				4B077C4E289569400071C4F2 /* parse.swift in Sources */,
				4B077C3C289548660071C4F2 /* avpl.y in Sources */,
				4B077C46289558140071C4F2 /* Condition.swift in Sources */,
				4B077C35289547FE0071C4F2 /* main.swift in Sources */,
				4B077C60289676F60071C4F2 /* Function.swift in Sources */,
				4B077C6428967DDE0071C4F2 /* Block.swift in Sources */,
				4B077C48289559C80071C4F2 /* Statement.swift in Sources */,
				4B077C62289679270071C4F2 /* RuntimeError.swift in Sources */,
				4B077C40289556070071C4F2 /* Expression.swift in Sources */,
				4B077C43289556E50071C4F2 /* CitronLexer.swift in Sources */,
				4B077C5228956D3E0071C4F2 /* HalfComparison.swift in Sources */,
				4B077C44289556E50071C4F2 /* CitronParser.swift in Sources */,
			);
			runOnlyForDeploymentPostprocessing = 0;
		};
/* End PBXSourcesBuildPhase section */

/* Begin XCBuildConfiguration section */
		4B077C36289547FE0071C4F2 /* Debug */ = {
			isa = XCBuildConfiguration;
			buildSettings = {
				ALWAYS_SEARCH_USER_PATHS = NO;
				CLANG_ANALYZER_NONNULL = YES;
				CLANG_ANALYZER_NUMBER_OBJECT_CONVERSION = YES_AGGRESSIVE;
				CLANG_CXX_LANGUAGE_STANDARD = "gnu++17";
				CLANG_ENABLE_MODULES = YES;
				CLANG_ENABLE_OBJC_ARC = YES;
				CLANG_ENABLE_OBJC_WEAK = YES;
				CLANG_WARN_BLOCK_CAPTURE_AUTORELEASING = YES;
				CLANG_WARN_BOOL_CONVERSION = YES;
				CLANG_WARN_COMMA = YES;
				CLANG_WARN_CONSTANT_CONVERSION = YES;
				CLANG_WARN_DEPRECATED_OBJC_IMPLEMENTATIONS = YES;
				CLANG_WARN_DIRECT_OBJC_ISA_USAGE = YES_ERROR;
				CLANG_WARN_DOCUMENTATION_COMMENTS = YES;
				CLANG_WARN_EMPTY_BODY = YES;
				CLANG_WARN_ENUM_CONVERSION = YES;
				CLANG_WARN_INFINITE_RECURSION = YES;
				CLANG_WARN_INT_CONVERSION = YES;
				CLANG_WARN_NON_LITERAL_NULL_CONVERSION = YES;
				CLANG_WARN_OBJC_IMPLICIT_RETAIN_SELF = YES;
				CLANG_WARN_OBJC_LITERAL_CONVERSION = YES;
				CLANG_WARN_OBJC_ROOT_CLASS = YES_ERROR;
				CLANG_WARN_QUOTED_INCLUDE_IN_FRAMEWORK_HEADER = YES;
				CLANG_WARN_RANGE_LOOP_ANALYSIS = YES;
				CLANG_WARN_STRICT_PROTOTYPES = YES;
				CLANG_WARN_SUSPICIOUS_MOVE = YES;
				CLANG_WARN_UNGUARDED_AVAILABILITY = YES_AGGRESSIVE;
				CLANG_WARN_UNREACHABLE_CODE = YES;
				CLANG_WARN__DUPLICATE_METHOD_MATCH = YES;
				COPY_PHASE_STRIP = NO;
				DEBUG_INFORMATION_FORMAT = dwarf;
				ENABLE_STRICT_OBJC_MSGSEND = YES;
				ENABLE_TESTABILITY = YES;
				GCC_C_LANGUAGE_STANDARD = gnu11;
				GCC_DYNAMIC_NO_PIC = NO;
				GCC_NO_COMMON_BLOCKS = YES;
				GCC_OPTIMIZATION_LEVEL = 0;
				GCC_PREPROCESSOR_DEFINITIONS = (
					"DEBUG=1",
					"$(inherited)",
				);
				GCC_WARN_64_TO_32_BIT_CONVERSION = YES;
				GCC_WARN_ABOUT_RETURN_TYPE = YES_ERROR;
				GCC_WARN_UNDECLARED_SELECTOR = YES;
				GCC_WARN_UNINITIALIZED_AUTOS = YES_AGGRESSIVE;
				GCC_WARN_UNUSED_FUNCTION = YES;
				GCC_WARN_UNUSED_VARIABLE = YES;
				MACOSX_DEPLOYMENT_TARGET = 12.3;
				MTL_ENABLE_DEBUG_INFO = INCLUDE_SOURCE;
				MTL_FAST_MATH = YES;
				ONLY_ACTIVE_ARCH = YES;
				SDKROOT = macosx;
				SWIFT_ACTIVE_COMPILATION_CONDITIONS = DEBUG;
				SWIFT_OPTIMIZATION_LEVEL = "-Onone";
			};
			name = Debug;
		};
		4B077C37289547FE0071C4F2 /* Release */ = {
			isa = XCBuildConfiguration;
			buildSettings = {
				ALWAYS_SEARCH_USER_PATHS = NO;
				CLANG_ANALYZER_NONNULL = YES;
				CLANG_ANALYZER_NUMBER_OBJECT_CONVERSION = YES_AGGRESSIVE;
				CLANG_CXX_LANGUAGE_STANDARD = "gnu++17";
				CLANG_ENABLE_MODULES = YES;
				CLANG_ENABLE_OBJC_ARC = YES;
				CLANG_ENABLE_OBJC_WEAK = YES;
				CLANG_WARN_BLOCK_CAPTURE_AUTORELEASING = YES;
				CLANG_WARN_BOOL_CONVERSION = YES;
				CLANG_WARN_COMMA = YES;
				CLANG_WARN_CONSTANT_CONVERSION = YES;
				CLANG_WARN_DEPRECATED_OBJC_IMPLEMENTATIONS = YES;
				CLANG_WARN_DIRECT_OBJC_ISA_USAGE = YES_ERROR;
				CLANG_WARN_DOCUMENTATION_COMMENTS = YES;
				CLANG_WARN_EMPTY_BODY = YES;
				CLANG_WARN_ENUM_CONVERSION = YES;
				CLANG_WARN_INFINITE_RECURSION = YES;
				CLANG_WARN_INT_CONVERSION = YES;
				CLANG_WARN_NON_LITERAL_NULL_CONVERSION = YES;
				CLANG_WARN_OBJC_IMPLICIT_RETAIN_SELF = YES;
				CLANG_WARN_OBJC_LITERAL_CONVERSION = YES;
				CLANG_WARN_OBJC_ROOT_CLASS = YES_ERROR;
				CLANG_WARN_QUOTED_INCLUDE_IN_FRAMEWORK_HEADER = YES;
				CLANG_WARN_RANGE_LOOP_ANALYSIS = YES;
				CLANG_WARN_STRICT_PROTOTYPES = YES;
				CLANG_WARN_SUSPICIOUS_MOVE = YES;
				CLANG_WARN_UNGUARDED_AVAILABILITY = YES_AGGRESSIVE;
				CLANG_WARN_UNREACHABLE_CODE = YES;
				CLANG_WARN__DUPLICATE_METHOD_MATCH = YES;
				COPY_PHASE_STRIP = NO;
				DEBUG_INFORMATION_FORMAT = "dwarf-with-dsym";
				ENABLE_NS_ASSERTIONS = NO;
				ENABLE_STRICT_OBJC_MSGSEND = YES;
				GCC_C_LANGUAGE_STANDARD = gnu11;
				GCC_NO_COMMON_BLOCKS = YES;
				GCC_WARN_64_TO_32_BIT_CONVERSION = YES;
				GCC_WARN_ABOUT_RETURN_TYPE = YES_ERROR;
				GCC_WARN_UNDECLARED_SELECTOR = YES;
				GCC_WARN_UNINITIALIZED_AUTOS = YES_AGGRESSIVE;
				GCC_WARN_UNUSED_FUNCTION = YES;
				GCC_WARN_UNUSED_VARIABLE = YES;
				MACOSX_DEPLOYMENT_TARGET = 12.3;
				MTL_ENABLE_DEBUG_INFO = NO;
				MTL_FAST_MATH = YES;
				SDKROOT = macosx;
				SWIFT_COMPILATION_MODE = wholemodule;
				SWIFT_OPTIMIZATION_LEVEL = "-O";
			};
			name = Release;
		};
		4B077C39289547FE0071C4F2 /* Debug */ = {
			isa = XCBuildConfiguration;
			buildSettings = {
				CODE_SIGN_STYLE = Automatic;
				DEVELOPMENT_TEAM = F27CVJNWXK;
				ENABLE_HARDENED_RUNTIME = YES;
				PRODUCT_NAME = "$(TARGET_NAME)";
				SWIFT_VERSION = 5.0;
			};
			name = Debug;
		};
		4B077C3A289547FE0071C4F2 /* Release */ = {
			isa = XCBuildConfiguration;
			buildSettings = {
				CODE_SIGN_STYLE = Automatic;
				DEVELOPMENT_TEAM = F27CVJNWXK;
				ENABLE_HARDENED_RUNTIME = YES;
				PRODUCT_NAME = "$(TARGET_NAME)";
				SWIFT_VERSION = 5.0;
			};
			name = Release;
		};
/* End XCBuildConfiguration section */

/* Begin XCConfigurationList section */
		4B077C2C289547FE0071C4F2 /* Build configuration list for PBXProject "interpreter" */ = {
			isa = XCConfigurationList;
			buildConfigurations = (
				4B077C36289547FE0071C4F2 /* Debug */,
				4B077C37289547FE0071C4F2 /* Release */,
			);
			defaultConfigurationIsVisible = 0;
			defaultConfigurationName = Release;
		};
		4B077C38289547FE0071C4F2 /* Build configuration list for PBXNativeTarget "interpreter" */ = {
			isa = XCConfigurationList;
			buildConfigurations = (
				4B077C39289547FE0071C4F2 /* Debug */,
				4B077C3A289547FE0071C4F2 /* Release */,
			);
			defaultConfigurationIsVisible = 0;
			defaultConfigurationName = Release;
		};
/* End XCConfigurationList section */
	};
	rootObject = 4B077C29289547FE0071C4F2 /* Project object */;
}
